{
  "version": 1,
  "dependencies": {
    "net10.0-windows7.0": {
      "PdfPig": {
        "type": "Direct",
        "requested": "[0.1.16, )",
        "resolved": "0.1.16",
        "contentHash": "qQcbsNMYVY+K5ELptax2S8thNMk0+rSQq3H/KdYj3LLcko8yTCz8y5KIvsKxIyAuTN0ZYNnfsZkM+0EvxTwHVA=="
      },
      "Whisper.net.Runtime.Vulkan": {
        "type": "Direct",
        "requested": "[1.9.1, )",
        "resolved": "1.9.1",
        "contentHash": "2kynHvbAczuEYHKRIR9NYg8xiXaGZHW3hb1Ts+N2dNcmVpA87xJWxA07yDiFnf5+vXz428wK57YWNvxqTJdkKw=="
      },
      "Concentus": {
        "type": "Transitive",
        "resolved": "2.2.2",
        "contentHash": "2B9YmHPKO+k7YpAAnqmiXwiMJnfjfj1C868RszOll2iZWLnGTAiC1q21L/d7CvTan7T+hyqU8dR0Dcy3cpjVfQ=="
      },
      "Google.Protobuf": {
        "type": "Transitive",
        "resolved": "3.36.1",
        "contentHash": "77AqPEoaY1ODE+syYBHti0jXiwQq0J/fUr/fRyYhNlc9oKtH5dZZEr/OLKtdKNVG83PRnCYB2r8B80ZrObzOGQ=="
      },
      "Grpc.Core.Api": {
        "type": "Transitive",
        "resolved": "2.83.0",
        "contentHash": "xU8BT2bCw4Ct+/qIFJhhjkDEilKUbBOfp4US7l3Xa3hnlkN9l2LgISCbOw4PFYpW5jJFcK7FUAyWOFIQ94Hiqg=="
      },
      "Grpc.Net.Client": {
        "type": "Transitive",
        "resolved": "2.83.0",
        "contentHash": "dHYtx7hW4muttsCrWNG4/Ysb1iAIhNPEq28eo7vF166CdXn/RXOr3SGvSreIGIjvmdrADrBNJ2cUeJBto/T0XA==",
        "dependencies": {
          "Grpc.Net.Common": "2.83.0",
          "Microsoft.Extensions.Logging.Abstractions": "8.0.0"
        }
      },
      "Grpc.Net.Common": {
        "type": "Transitive",
        "resolved": "2.83.0",
        "contentHash": "9w52xxORdIGu4Mm8lff3psMIlarenu+7TC4uIfiiW9AyaHZ6iPE/18gIkG1DD9byGDuhjuhnN9hiviBUAmCuZw==",
        "dependencies": {
          "Grpc.Core.Api": "2.83.0"
        }
      },
      "Microsoft.Data.Sqlite.Core": {
        "type": "Transitive",
        "resolved": "10.0.12",
        "contentHash": "2aL9eL5HQr0V4b8V909SD+jQAx6qnTTl7sT/v3D8dIvmr2UGdpZIQxqm1pj2Js3e4EYTvpw0oMH7DjapJJuPPw==",
        "dependencies": {
          "SQLitePCLRaw.core": "2.1.12"
        }
      },
      "Microsoft.Extensions.AI.Abstractions": {
        "type": "Transitive",
        "resolved": "10.2.0",
        "contentHash": "ONGlIBht0ygEdKc0bCt9XWUiq19/460dAu7fCKzPM34OFJSMQIohEDTJwjCJ8vVp8znNakloc9xFF9+R/eDCYQ=="
      },
      "Microsoft.Extensions.DependencyInjection.Abstractions": {
        "type": "Transitive",
        "resolved": "8.0.0",
        "contentHash": "cjWrLkJXK0rs4zofsK4bSdg+jhDLTaxrkXu4gS6Y7MAlCvRyNNgwY/lJi5RDlQOnSZweHqoyvgvbdvQsRIW+hg=="
      },
      "Microsoft.Extensions.Logging.Abstractions": {
        "type": "Transitive",
        "resolved": "8.0.0",
        "contentHash": "arDBqTgFCyS0EvRV7O3MZturChstm50OJ0y9bDJvAcmEPJm0FFpFyjU/JLYyStNGGey081DvnQYlncNX5SJJGA==",
        "dependencies": {
          "Microsoft.Extensions.DependencyInjection.Abstractions": "8.0.0"
        }
      },
      "Microsoft.Identity.Client": {
        "type": "Transitive",
        "resolved": "4.77.1",
        "contentHash": "K1BS0wRwh48xjsU2y7bwVh8qE9eqdRkroHX0EPp9GGo3GmS+B2gaPd95jq+HRpyFj8h3nn8LubDnIti+M/9YoQ==",
        "dependencies": {
          "Microsoft.IdentityModel.Abstractions": "8.14.0"
        }
      },
      "Microsoft.IdentityModel.Abstractions": {
        "type": "Transitive",
        "resolved": "8.14.0",
        "contentHash": "iwbCpSjD3ehfTwBhtSNEtKPK0ICun6ov7Ibx6ISNA9bfwIyzI2Siwyi9eJFCJBwxowK9xcA1mj+jBWiigeqgcQ=="
      },
      "NAudio": {
        "type": "Transitive",
        "resolved": "2.2.1",
        "contentHash": "c0DzwiyyklM0TP39Y7RObwO3QkWecgM6H60ikiEnsV/aEAJPbj5MFCLaD8BSfKuZe0HGuh9GRGWWlJmSxDc9MA==",
        "dependencies": {
          "NAudio.Asio": "2.2.1",
          "NAudio.Core": "2.2.1",
          "NAudio.Midi": "2.2.1",
          "NAudio.Wasapi": "2.2.1",
          "NAudio.WinForms": "2.2.1",
          "NAudio.WinMM": "2.2.1"
        }
      },
      "NAudio.Asio": {
        "type": "Transitive",
        "resolved": "2.2.1",
        "contentHash": "hQglyOT5iT3XuGpBP8ZG0+aoqwRfidHjTNehpoWwX0g6KJEgtH2VaqM2nuJ2mheKZa/IBqB4YQTZVvrIapzfOA==",
        "dependencies": {
          "NAudio.Core": "2.2.1"
        }
      },
      "NAudio.Core": {
        "type": "Transitive",
        "resolved": "2.2.1",
        "contentHash": "GgkdP6K/7FqXFo7uHvoqGZTJvW4z8g2IffhOO4JHaLzKCdDOUEzVKtveoZkCuUX8eV2HAINqi7VFqlFndrnz/g=="
      },
      "NAudio.Midi": {
        "type": "Transitive",
        "resolved": "2.2.1",
        "contentHash": "6r23ylGo5aeP02WFXsPquz0T0hFJWyh+7t++tz19tc3Kr38NHm+Z9j+FiAv+xkH8tZqXJqus9Q8p6u7bidIgbw==",
        "dependencies": {
          "NAudio.Core": "2.2.1"
        }
      },
      "NAudio.Wasapi": {
        "type": "Transitive",
        "resolved": "2.2.1",
        "contentHash": "lFfXoqacZZe0WqNChJgGYI+XV/n/61LzPHT3C1CJp4khoxeo2sziyX5wzNYWeCMNbsWxFvT3b3iXeY1UYjBhZw==",
        "dependencies": {
          "NAudio.Core": "2.2.1"
        }
      },
      "NAudio.WinForms": {
        "type": "Transitive",
        "resolved": "2.2.1",
        "contentHash": "DlDkewY1myY0A+3NrYRJD+MZhZV0yy1mNF6dckB27IQ9XCs/My5Ip8BZcoSHOsaPSe2GAjvoaDnk6N9w8xTv7w==",
        "dependencies": {
          "NAudio.WinMM": "2.2.1"
        }
      },
      "NAudio.WinMM": {
        "type": "Transitive",
        "resolved": "2.2.1",
        "contentHash": "xFHRFwH4x6aq3IxRbewvO33ugJRvZFEOfO62i7uQJRUNW2cnu6BeBTHUS0JD5KBucZbHZaYqxQG8dwZ47ezQuQ==",
        "dependencies": {
          "NAudio.Core": "2.2.1"
        }
      },
      "NetCord": {
        "type": "Transitive",
        "resolved": "1.0.0-beta.28",
        "contentHash": "yTNehgXwYrSYAt4PbQsnnEVUiupSm27MsHZ9T18QfrUv0SJEma7QzI4239JQ77+kZbla/19x0jcaeJ63YuxSJA=="
      },
      "org.k2fsa.sherpa.onnx": {
        "type": "Transitive",
        "resolved": "1.13.8",
        "contentHash": "CVBBX154lJ0STD8At5t0LvnSuOiXRwOI/8YeTvEEd+K1xwbtLZTQ4tQESyGEcfdIXTf+ucaGF4LMpHfI4R5yCw==",
        "dependencies": {
          "org.k2fsa.sherpa.onnx.runtime.android-arm64": "1.13.8",
          "org.k2fsa.sherpa.onnx.runtime.android-x64": "1.13.8",
          "org.k2fsa.sherpa.onnx.runtime.linux-arm64": "1.13.8",
          "org.k2fsa.sherpa.onnx.runtime.linux-x64": "1.13.8",
          "org.k2fsa.sherpa.onnx.runtime.osx-arm64": "1.13.8",
          "org.k2fsa.sherpa.onnx.runtime.osx-x64": "1.13.8",
          "org.k2fsa.sherpa.onnx.runtime.win-arm64": "1.13.8",
          "org.k2fsa.sherpa.onnx.runtime.win-x64": "1.13.8",
          "org.k2fsa.sherpa.onnx.runtime.win-x86": "1.13.8"
        }
      },
      "org.k2fsa.sherpa.onnx.runtime.android-arm64": {
        "type": "Transitive",
        "resolved": "1.13.8",
        "contentHash": "0bEXZHGGu3ywaXjx0nwmHoBkPsVDKQjfC6FpqGGpBLnfokMbvPaGXgFShFW73bW8PSOB4gc9cLrVRkgOImy67A=="
      },
      "org.k2fsa.sherpa.onnx.runtime.android-x64": {
        "type": "Transitive",
        "resolved": "1.13.8",
        "contentHash": "BMltFcQOnoIgWRUDb2lNGF2FHuoWoWMP6DKrJgzsdkRXCIdl3jX0lpbj+etBeW+8wdXmKxREGA2hrvO8h42k0g=="
      },
      "org.k2fsa.sherpa.onnx.runtime.linux-arm64": {
        "type": "Transitive",
        "resolved": "1.13.8",
        "contentHash": "Vg6iDY3YDILvapwKrCrByAnBu2OImxuZNsB0Sg1k+Gox3GV2runHidTZtNTHJZUA9zFdjAz9Ab4HzqsaATjrzg=="
      },
      "org.k2fsa.sherpa.onnx.runtime.linux-x64": {
        "type": "Transitive",
        "resolved": "1.13.8",
        "contentHash": "rqWNcekzaZHKX0xwYHePwGMwa9lb/JiuNh6Cc0f+Jnz6r5U45BdAtqUUJNh9F5DO2d2CuabAbBe3IqkngtVR8w=="
      },
      "org.k2fsa.sherpa.onnx.runtime.osx-arm64": {
        "type": "Transitive",
        "resolved": "1.13.8",
        "contentHash": "lhEqIPi/KlleNXrNMxXLpBrT1e3uONY/Nt0v7kswxXzvOwj89484ylpMu4jns7rpVug0Y/MfFP6kCDuV2CZo5Q=="
      },
      "org.k2fsa.sherpa.onnx.runtime.osx-x64": {
        "type": "Transitive",
        "resolved": "1.13.8",
        "contentHash": "jUYwCbi+y7yNHbAFB3u2pyQihsrdk0fl8tC5yPvaqeLqgfUn1wdsrXsS+maJTx/8Phxfx+HHlcii31zlQHSv2w=="
      },
      "org.k2fsa.sherpa.onnx.runtime.win-arm64": {
        "type": "Transitive",
        "resolved": "1.13.8",
        "contentHash": "EQk0M1dpvIOG9uVtYz7kgkmlrdajQcqbzAPCdTHeOOSYy68biXk1/O8pyHeBwTF9J9i2xDiJq+PtyNc7C8Vmbg=="
      },
      "org.k2fsa.sherpa.onnx.runtime.win-x64": {
        "type": "Transitive",
        "resolved": "1.13.8",
        "contentHash": "qQS9IQTRet05fl82IlM93XLNnuhW50lhepOBR2qzbjxWKjSXFTvx8SlALAoCLDGyURrQ5iOgl97JZFEeIG9A9g=="
      },
      "org.k2fsa.sherpa.onnx.runtime.win-x86": {
        "type": "Transitive",
        "resolved": "1.13.8",
        "contentHash": "QbpkOX0LBcYq/AUZTIlrwz7tPunhqVAFT8A9+JnVw6a6TYRFKvSBwxIWUPbNfpyGYPkTFNunpFIJzcLyiek0gg=="
      },
      "SharpZipLib": {
        "type": "Transitive",
        "resolved": "1.4.2",
        "contentHash": "yjj+3zgz8zgXpiiC3ZdF/iyTBbz2fFvMxZFEBPUcwZjIvXOf37Ylm+K58hqMfIBt5JgU/Z2uoUS67JmTLe973A=="
      },
      "SoundFlow": {
        "type": "Transitive",
        "resolved": "1.4.0",
        "contentHash": "PVc8NEpwmx16qJdOGRvc7Kpvs/3hNZBuldErmnMQSh9IClAA2UWrafcUIQUxki2GrWB2g71hPSDIUKEo3nRgeA=="
      },
      "SoundFlow.Extensions.WebRtc.Apm": {
        "type": "Transitive",
        "resolved": "1.4.0",
        "contentHash": "vsILVFDGVN32a3jmiYO+EhgmeVo+i4i+99/7KlCv2rbivNxPTmeIWVcgubJfXQW/clU5LydMskEu5tkpEVDxvw==",
        "dependencies": {
          "SoundFlow": "1.4.0"
        }
      },
      "SQLitePCLRaw.config.e_sqlite3": {
        "type": "Transitive",
        "resolved": "3.0.5",
        "contentHash": "aSk8WE5tF2MybESMgtZAEyMVCAWA0nBqOMc48HFoa9UoSdtm3goDXVzNRnefeKIwE6bV9NaNXptn1F9ReMQI0Q==",
        "dependencies": {
          "SQLitePCLRaw.provider.e_sqlite3": "3.0.5"
        }
      },
      "SQLitePCLRaw.core": {
        "type": "Transitive",
        "resolved": "3.0.5",
        "contentHash": "k81AYXXRCw3Zj8rOhyBoCsx/U97KYDFI2CSKr/ijl5BwpsW/hX/4kBiDmerFaoust8nxBwa0IHQFw8MmSHRtnQ=="
      },
      "SQLitePCLRaw.provider.e_sqlite3": {
        "type": "Transitive",
        "resolved": "3.0.5",
        "contentHash": "um8YSWduhhuskTG2bHfZrBqMNQOydfU8pcseT+cu5RivOGyoUbCrGXxgoRNTmRYw2VbMWnEZVVFcneZT/5dsBg==",
        "dependencies": {
          "SQLitePCLRaw.core": "3.0.5"
        }
      },
      "Whisper.net": {
        "type": "Transitive",
        "resolved": "1.9.1",
        "contentHash": "82WAKyyMun44cAXE80sP7vIra1oYhbVp2WrnqJm0CISTfMAvint1k/umt0SvsQH+IkDyekZ3BgMdS3Rag9SZ5A==",
        "dependencies": {
          "Microsoft.Extensions.AI.Abstractions": "10.2.0"
        }
      },
      "Whisper.net.Runtime": {
        "type": "Transitive",
        "resolved": "1.9.1",
        "contentHash": "TipPJkry69VwJ3XL38U082QK5Trqte6NgSOoosuyj/C1eRHabmBbLQ3ujjcDryg5pkXT7wXwAKU5+PxGIJyxkQ==",
        "dependencies": {
          "Whisper.net.Runtime.Metal": "1.9.1"
        }
      },
      "Whisper.net.Runtime.Metal": {
        "type": "Transitive",
        "resolved": "1.9.1",
        "contentHash": "Ut5tZyCUwXMVdThoLvdvQ7GyLwjRMreR/p3LuMJvRiXidQ2AXxx2Tv8UOGtMxvL395AC3+IkHdN/kMfd+EPSEw=="
      },
      "audiotranscriber.application": {
        "type": "Project",
        "dependencies": {
          "AudioTranscriber.Audio": "[1.0.0, )",
          "AudioTranscriber.Core": "[1.0.0, )",
          "AudioTranscriber.Diarization": "[1.0.0, )",
          "AudioTranscriber.Integrations": "[1.0.0, )",
          "AudioTranscriber.Providers": "[1.0.0, )",
          "AudioTranscriber.Storage": "[1.0.0, )",
          "SoundFlow.Extensions.WebRtc.Apm": "[1.4.0, )"
        }
      },
      "audiotranscriber.audio": {
        "type": "Project",
        "dependencies": {
          "AudioTranscriber.Core": "[1.0.0, )",
          "NAudio": "[2.2.1, )"
        }
      },
      "audiotranscriber.core": {
        "type": "Project"
      },
      "audiotranscriber.diarization": {
        "type": "Project",
        "dependencies": {
          "AudioTranscriber.Core": "[1.0.0, )",
          "SharpZipLib": "[1.4.2, )",
          "org.k2fsa.sherpa.onnx": "[1.13.8, )",
          "org.k2fsa.sherpa.onnx.runtime.win-x64": "[1.13.8, )"
        }
      },
      "audiotranscriber.discord": {
        "type": "Project",
        "dependencies": {
          "AudioTranscriber.Audio": "[1.0.0, )",
          "Concentus": "[2.2.2, )",
          "NetCord": "[1.0.0-beta.28, )"
        }
      },
      "audiotranscriber.integrations": {
        "type": "Project",
        "dependencies": {
          "Microsoft.Identity.Client": "[4.77.1, )"
        }
      },
      "audiotranscriber.providers": {
        "type": "Project",
        "dependencies": {
          "AudioTranscriber.Core": "[1.0.0, )",
          "Google.Protobuf": "[3.36.1, )",
          "Grpc.Net.Client": "[2.83.0, )",
          "Whisper.net": "[1.9.1, )",
          "Whisper.net.Runtime": "[1.9.1, )",
          "Whisper.net.Runtime.Vulkan": "[1.9.1, )"
        }
      },
      "audiotranscriber.storage": {
        "type": "Project",
        "dependencies": {
          "Microsoft.Data.Sqlite.Core": "[10.0.12, )",
          "SQLitePCLRaw.config.e_sqlite3": "[3.0.5, )"
        }
      }
    },
    "net10.0-windows7.0/win-x64": {
      "org.k2fsa.sherpa.onnx.runtime.android-arm64": {
        "type": "Transitive",
        "resolved": "1.13.8",
        "contentHash": "0bEXZHGGu3ywaXjx0nwmHoBkPsVDKQjfC6FpqGGpBLnfokMbvPaGXgFShFW73bW8PSOB4gc9cLrVRkgOImy67A=="
      },
      "org.k2fsa.sherpa.onnx.runtime.android-x64": {
        "type": "Transitive",
        "resolved": "1.13.8",
        "contentHash": "BMltFcQOnoIgWRUDb2lNGF2FHuoWoWMP6DKrJgzsdkRXCIdl3jX0lpbj+etBeW+8wdXmKxREGA2hrvO8h42k0g=="
      },
      "org.k2fsa.sherpa.onnx.runtime.linux-arm64": {
        "type": "Transitive",
        "resolved": "1.13.8",
        "contentHash": "Vg6iDY3YDILvapwKrCrByAnBu2OImxuZNsB0Sg1k+Gox3GV2runHidTZtNTHJZUA9zFdjAz9Ab4HzqsaATjrzg=="
      },
      "org.k2fsa.sherpa.onnx.runtime.linux-x64": {
        "type": "Transitive",
        "resolved": "1.13.8",
        "contentHash": "rqWNcekzaZHKX0xwYHePwGMwa9lb/JiuNh6Cc0f+Jnz6r5U45BdAtqUUJNh9F5DO2d2CuabAbBe3IqkngtVR8w=="
      },
      "org.k2fsa.sherpa.onnx.runtime.osx-arm64": {
        "type": "Transitive",
        "resolved": "1.13.8",
        "contentHash": "lhEqIPi/KlleNXrNMxXLpBrT1e3uONY/Nt0v7kswxXzvOwj89484ylpMu4jns7rpVug0Y/MfFP6kCDuV2CZo5Q=="
      },
      "org.k2fsa.sherpa.onnx.runtime.osx-x64": {
        "type": "Transitive",
        "resolved": "1.13.8",
        "contentHash": "jUYwCbi+y7yNHbAFB3u2pyQihsrdk0fl8tC5yPvaqeLqgfUn1wdsrXsS+maJTx/8Phxfx+HHlcii31zlQHSv2w=="
      },
      "org.k2fsa.sherpa.onnx.runtime.win-arm64": {
        "type": "Transitive",
        "resolved": "1.13.8",
        "contentHash": "EQk0M1dpvIOG9uVtYz7kgkmlrdajQcqbzAPCdTHeOOSYy68biXk1/O8pyHeBwTF9J9i2xDiJq+PtyNc7C8Vmbg=="
      },
      "org.k2fsa.sherpa.onnx.runtime.win-x64": {
        "type": "Transitive",
        "resolved": "1.13.8",
        "contentHash": "qQS9IQTRet05fl82IlM93XLNnuhW50lhepOBR2qzbjxWKjSXFTvx8SlALAoCLDGyURrQ5iOgl97JZFEeIG9A9g=="
      },
      "org.k2fsa.sherpa.onnx.runtime.win-x86": {
        "type": "Transitive",
        "resolved": "1.13.8",
        "contentHash": "QbpkOX0LBcYq/AUZTIlrwz7tPunhqVAFT8A9+JnVw6a6TYRFKvSBwxIWUPbNfpyGYPkTFNunpFIJzcLyiek0gg=="
      },
      "SoundFlow": {
        "type": "Transitive",
        "resolved": "1.4.0",
        "contentHash": "PVc8NEpwmx16qJdOGRvc7Kpvs/3hNZBuldErmnMQSh9IClAA2UWrafcUIQUxki2GrWB2g71hPSDIUKEo3nRgeA=="
      },
      "SoundFlow.Extensions.WebRtc.Apm": {
        "type": "Transitive",
        "resolved": "1.4.0",
        "contentHash": "vsILVFDGVN32a3jmiYO+EhgmeVo+i4i+99/7KlCv2rbivNxPTmeIWVcgubJfXQW/clU5LydMskEu5tkpEVDxvw==",
        "dependencies": {
          "SoundFlow": "1.4.0"
        }
      }
    }
  }
}