<Solution>
  <Project Path="src\AudioTranscriber.Core\AudioTranscriber.Core.csproj" />
  <Project Path="src\AudioTranscriber.Audio\AudioTranscriber.Audio.csproj" />
  <Project Path="src\AudioTranscriber.Providers\AudioTranscriber.Providers.csproj" />
  <Project Path="src\AudioTranscriber.Diarization\AudioTranscriber.Diarization.csproj" />
  <Project Path="src\AudioTranscriber.Worker\AudioTranscriber.Worker.csproj" />
  <Project Path="src\AudioTranscriber.Storage\AudioTranscriber.Storage.csproj" />
  <Project Path="src\AudioTranscriber.Integrations\AudioTranscriber.Integrations.csproj" />
  <Project Path="src\AudioTranscriber.Discord\AudioTranscriber.Discord.csproj" />
  <Project Path="src\AudioTranscriber.Application\AudioTranscriber.Application.csproj" />
  <Project Path="src\AudioTranscriber.App\AudioTranscriber.App.csproj" />
  <Project Path="tools\AudioTranscriber.UiMcp\AudioTranscriber.UiMcp.csproj" />
  <Project Path="tools\AudioTranscriber.Benchmarks\AudioTranscriber.Benchmarks.csproj" />
  <Project Path="tests\AudioTranscriber.Storage.Tests\AudioTranscriber.Storage.Tests.csproj" />
  <Project Path="tests\AudioTranscriber.Application.Tests\AudioTranscriber.Application.Tests.csproj" />
  <Project Path="tests\AudioTranscriber.Audio.Tests\AudioTranscriber.Audio.Tests.csproj" />
  <Project Path="tests\AudioTranscriber.Providers.Tests\AudioTranscriber.Providers.Tests.csproj" />
  <Project Path="tests\AudioTranscriber.Diarization.Tests\AudioTranscriber.Diarization.Tests.csproj" />
  <Project Path="tests\AudioTranscriber.App.Tests\AudioTranscriber.App.Tests.csproj" />
</Solution>
