{
  "version": 1,
  "dependencies": {
    "net10.0": {
      "org.k2fsa.sherpa.onnx": {
        "type": "Direct",
        "requested": "[1.13.8, )",
        "resolved": "1.13.8",
        "contentHash": "CVBBX154lJ0STD8At5t0LvnSuOiXRwOI/8YeTvEEd+K1xwbtLZTQ4tQESyGEcfdIXTf+ucaGF4LMpHfI4R5yCw==",
        "dependencies": {
          "org.k2fsa.sherpa.onnx.runtime.android-arm64": "1.13.8",
          "org.k2fsa.sherpa.onnx.runtime.android-x64": "1.13.8",
          "org.k2fsa.sherpa.onnx.runtime.linux-arm64": "1.13.8",
          "org.k2fsa.sherpa.onnx.runtime.linux-x64": "1.13.8",
          "org.k2fsa.sherpa.onnx.runtime.osx-arm64": "1.13.8",
          "org.k2fsa.sherpa.onnx.runtime.osx-x64": "1.13.8",
          "org.k2fsa.sherpa.onnx.runtime.win-arm64": "1.13.8",
          "org.k2fsa.sherpa.onnx.runtime.win-x64": "1.13.8",
          "org.k2fsa.sherpa.onnx.runtime.win-x86": "1.13.8"
        }
      },
      "org.k2fsa.sherpa.onnx.runtime.win-x64": {
        "type": "Direct",
        "requested": "[1.13.8, )",
        "resolved": "1.13.8",
        "contentHash": "qQS9IQTRet05fl82IlM93XLNnuhW50lhepOBR2qzbjxWKjSXFTvx8SlALAoCLDGyURrQ5iOgl97JZFEeIG9A9g=="
      },
      "SharpZipLib": {
        "type": "Direct",
        "requested": "[1.4.2, )",
        "resolved": "1.4.2",
        "contentHash": "yjj+3zgz8zgXpiiC3ZdF/iyTBbz2fFvMxZFEBPUcwZjIvXOf37Ylm+K58hqMfIBt5JgU/Z2uoUS67JmTLe973A=="
      },
      "org.k2fsa.sherpa.onnx.runtime.android-arm64": {
        "type": "Transitive",
        "resolved": "1.13.8",
        "contentHash": "0bEXZHGGu3ywaXjx0nwmHoBkPsVDKQjfC6FpqGGpBLnfokMbvPaGXgFShFW73bW8PSOB4gc9cLrVRkgOImy67A=="
      },
      "org.k2fsa.sherpa.onnx.runtime.android-x64": {
        "type": "Transitive",
        "resolved": "1.13.8",
        "contentHash": "BMltFcQOnoIgWRUDb2lNGF2FHuoWoWMP6DKrJgzsdkRXCIdl3jX0lpbj+etBeW+8wdXmKxREGA2hrvO8h42k0g=="
      },
      "org.k2fsa.sherpa.onnx.runtime.linux-arm64": {
        "type": "Transitive",
        "resolved": "1.13.8",
        "contentHash": "Vg6iDY3YDILvapwKrCrByAnBu2OImxuZNsB0Sg1k+Gox3GV2runHidTZtNTHJZUA9zFdjAz9Ab4HzqsaATjrzg=="
      },
      "org.k2fsa.sherpa.onnx.runtime.linux-x64": {
        "type": "Transitive",
        "resolved": "1.13.8",
        "contentHash": "rqWNcekzaZHKX0xwYHePwGMwa9lb/JiuNh6Cc0f+Jnz6r5U45BdAtqUUJNh9F5DO2d2CuabAbBe3IqkngtVR8w=="
      },
      "org.k2fsa.sherpa.onnx.runtime.osx-arm64": {
        "type": "Transitive",
        "resolved": "1.13.8",
        "contentHash": "lhEqIPi/KlleNXrNMxXLpBrT1e3uONY/Nt0v7kswxXzvOwj89484ylpMu4jns7rpVug0Y/MfFP6kCDuV2CZo5Q=="
      },
      "org.k2fsa.sherpa.onnx.runtime.osx-x64": {
        "type": "Transitive",
        "resolved": "1.13.8",
        "contentHash": "jUYwCbi+y7yNHbAFB3u2pyQihsrdk0fl8tC5yPvaqeLqgfUn1wdsrXsS+maJTx/8Phxfx+HHlcii31zlQHSv2w=="
      },
      "org.k2fsa.sherpa.onnx.runtime.win-arm64": {
        "type": "Transitive",
        "resolved": "1.13.8",
        "contentHash": "EQk0M1dpvIOG9uVtYz7kgkmlrdajQcqbzAPCdTHeOOSYy68biXk1/O8pyHeBwTF9J9i2xDiJq+PtyNc7C8Vmbg=="
      },
      "org.k2fsa.sherpa.onnx.runtime.win-x86": {
        "type": "Transitive",
        "resolved": "1.13.8",
        "contentHash": "QbpkOX0LBcYq/AUZTIlrwz7tPunhqVAFT8A9+JnVw6a6TYRFKvSBwxIWUPbNfpyGYPkTFNunpFIJzcLyiek0gg=="
      },
      "audiotranscriber.core": {
        "type": "Project"
      }
    }
  }
}