{
  "version": 1,
  "dependencies": {
    "net10.0": {
      "Concentus": {
        "type": "Direct",
        "requested": "[2.2.2, )",
        "resolved": "2.2.2",
        "contentHash": "2B9YmHPKO+k7YpAAnqmiXwiMJnfjfj1C868RszOll2iZWLnGTAiC1q21L/d7CvTan7T+hyqU8dR0Dcy3cpjVfQ=="
      },
      "NetCord": {
        "type": "Direct",
        "requested": "[1.0.0-beta.28, )",
        "resolved": "1.0.0-beta.28",
        "contentHash": "yTNehgXwYrSYAt4PbQsnnEVUiupSm27MsHZ9T18QfrUv0SJEma7QzI4239JQ77+kZbla/19x0jcaeJ63YuxSJA=="
      },
      "NAudio.Core": {
        "type": "Transitive",
        "resolved": "2.2.1",
        "contentHash": "GgkdP6K/7FqXFo7uHvoqGZTJvW4z8g2IffhOO4JHaLzKCdDOUEzVKtveoZkCuUX8eV2HAINqi7VFqlFndrnz/g=="
      },
      "NAudio.Wasapi": {
        "type": "Transitive",
        "resolved": "2.2.1",
        "contentHash": "lFfXoqacZZe0WqNChJgGYI+XV/n/61LzPHT3C1CJp4khoxeo2sziyX5wzNYWeCMNbsWxFvT3b3iXeY1UYjBhZw==",
        "dependencies": {
          "NAudio.Core": "2.2.1"
        }
      },
      "audiotranscriber.audio": {
        "type": "Project",
        "dependencies": {
          "AudioTranscriber.Core": "[1.0.0, )",
          "NAudio.Core": "[2.2.1, )",
          "NAudio.Wasapi": "[2.2.1, )"
        }
      },
      "audiotranscriber.core": {
        "type": "Project"
      }
    }
  }
}