{
  "version": 1,
  "dependencies": {
    "net10.0-windows7.0": {
      "Microsoft.NET.Test.Sdk": {
        "type": "Direct",
        "requested": "[18.10.0, )",
        "resolved": "18.10.0",
        "contentHash": "0CZZ688UBvpQFB9HKo7wrNJNVe+AOM4UtipgwpER3TTM+d2DDM6QyKkIJZTR3mpbn9/zFbZEtAgVIz4SPTjQZQ==",
        "dependencies": {
          "Microsoft.CodeCoverage": "18.10.0",
          "Microsoft.TestPlatform.TestHost": "18.10.0"
        }
      },
      "xunit": {
        "type": "Direct",
        "requested": "[2.9.3, )",
        "resolved": "2.9.3",
        "contentHash": "TlXQBinK35LpOPKHAqbLY4xlEen9TBafjs0V5KnA4wZsoQLQJiirCR4CbIXvOH8NzkW4YeJKP5P/Bnrodm0h9Q==",
        "dependencies": {
          "xunit.analyzers": "1.18.0",
          "xunit.assert": "2.9.3",
          "xunit.core": "[2.9.3]"
        }
      },
      "xunit.runner.visualstudio": {
        "type": "Direct",
        "requested": "[2.8.2, )",
        "resolved": "2.8.2",
        "contentHash": "vm1tbfXhFmjFMUmS4M0J0ASXz3/U5XvXBa6DOQUL3fEz4Vt6YPhv+ESCarx6M6D+9kJkJYZKCNvJMas1+nVfmQ=="
      },
      "CommunityToolkit.HighPerformance": {
        "type": "Transitive",
        "resolved": "8.4.2",
        "contentHash": "2hmtrrU18x6NL3mbuAqwy0KpnoEEJOuK6sH5RKQfD/jHijn2pqvqBUC7WGy9dgNBL9BDA7eOC0kirsNPMp2f4Q=="
      },
      "Google.Protobuf": {
        "type": "Transitive",
        "resolved": "3.36.1",
        "contentHash": "77AqPEoaY1ODE+syYBHti0jXiwQq0J/fUr/fRyYhNlc9oKtH5dZZEr/OLKtdKNVG83PRnCYB2r8B80ZrObzOGQ=="
      },
      "Grpc.Core.Api": {
        "type": "Transitive",
        "resolved": "2.83.0",
        "contentHash": "xU8BT2bCw4Ct+/qIFJhhjkDEilKUbBOfp4US7l3Xa3hnlkN9l2LgISCbOw4PFYpW5jJFcK7FUAyWOFIQ94Hiqg=="
      },
      "Grpc.Net.Client": {
        "type": "Transitive",
        "resolved": "2.83.0",
        "contentHash": "dHYtx7hW4muttsCrWNG4/Ysb1iAIhNPEq28eo7vF166CdXn/RXOr3SGvSreIGIjvmdrADrBNJ2cUeJBto/T0XA==",
        "dependencies": {
          "Grpc.Net.Common": "2.83.0",
          "Microsoft.Extensions.Logging.Abstractions": "8.0.0"
        }
      },
      "Grpc.Net.Common": {
        "type": "Transitive",
        "resolved": "2.83.0",
        "contentHash": "9w52xxORdIGu4Mm8lff3psMIlarenu+7TC4uIfiiW9AyaHZ6iPE/18gIkG1DD9byGDuhjuhnN9hiviBUAmCuZw==",
        "dependencies": {
          "Grpc.Core.Api": "2.83.0"
        }
      },
      "K4os.Compression.LZ4": {
        "type": "Transitive",
        "resolved": "1.3.8",
        "contentHash": "LhwlPa7c1zs1OV2XadMtAWdImjLIsqFJPoRcIWAadSRn0Ri1DepK65UbWLPmt4riLqx2d40xjXRk0ogpqNtK7g=="
      },
      "Microsoft.CodeCoverage": {
        "type": "Transitive",
        "resolved": "18.10.0",
        "contentHash": "zo1hqV+Nz6FlIwdc+aPfrvGzqfKAPPaZ6OPj1W8C0QQE2xH951AZwTUytL3K7XX8brVBUFd7MhrLDl3CtK3U/A=="
      },
      "Microsoft.Extensions.AI.Abstractions": {
        "type": "Transitive",
        "resolved": "10.2.0",
        "contentHash": "ONGlIBht0ygEdKc0bCt9XWUiq19/460dAu7fCKzPM34OFJSMQIohEDTJwjCJ8vVp8znNakloc9xFF9+R/eDCYQ=="
      },
      "Microsoft.Extensions.DependencyInjection.Abstractions": {
        "type": "Transitive",
        "resolved": "8.0.0",
        "contentHash": "cjWrLkJXK0rs4zofsK4bSdg+jhDLTaxrkXu4gS6Y7MAlCvRyNNgwY/lJi5RDlQOnSZweHqoyvgvbdvQsRIW+hg=="
      },
      "Microsoft.Extensions.Logging.Abstractions": {
        "type": "Transitive",
        "resolved": "8.0.0",
        "contentHash": "arDBqTgFCyS0EvRV7O3MZturChstm50OJ0y9bDJvAcmEPJm0FFpFyjU/JLYyStNGGey081DvnQYlncNX5SJJGA==",
        "dependencies": {
          "Microsoft.Extensions.DependencyInjection.Abstractions": "8.0.0"
        }
      },
      "Microsoft.IO.RecyclableMemoryStream": {
        "type": "Transitive",
        "resolved": "3.0.1",
        "contentHash": "s/s20YTVY9r9TPfTrN5g8zPF1YhwxyqO6PxUkrYTGI2B+OGPe9AdajWZrLhFqXIvqIW23fnUE4+ztrUWNU1+9g=="
      },
      "Microsoft.TestPlatform.ObjectModel": {
        "type": "Transitive",
        "resolved": "18.10.0",
        "contentHash": "aXA7DDbnt6MYu3eLBEDksNdl09QxJ/PpMzrFcSxqEOk3RvRGJzhKI5mezVCEOcvveRhjfw/mvn6xVXC/rTaOog=="
      },
      "Microsoft.TestPlatform.TestHost": {
        "type": "Transitive",
        "resolved": "18.10.0",
        "contentHash": "Spu6C7bgz1PmWN+Y7wS0PfGCw9Kwv5RvJbCwyQaEWjcwpMire+qYMrcZ7qk8agjy6nd0sdHLc3ugCSrGuSbZdw==",
        "dependencies": {
          "Microsoft.TestPlatform.ObjectModel": "18.10.0"
        }
      },
      "NAudio": {
        "type": "Transitive",
        "resolved": "2.2.1",
        "contentHash": "c0DzwiyyklM0TP39Y7RObwO3QkWecgM6H60ikiEnsV/aEAJPbj5MFCLaD8BSfKuZe0HGuh9GRGWWlJmSxDc9MA==",
        "dependencies": {
          "NAudio.Asio": "2.2.1",
          "NAudio.Core": "2.2.1",
          "NAudio.Midi": "2.2.1",
          "NAudio.Wasapi": "2.2.1",
          "NAudio.WinForms": "2.2.1",
          "NAudio.WinMM": "2.2.1"
        }
      },
      "NAudio.Asio": {
        "type": "Transitive",
        "resolved": "2.2.1",
        "contentHash": "hQglyOT5iT3XuGpBP8ZG0+aoqwRfidHjTNehpoWwX0g6KJEgtH2VaqM2nuJ2mheKZa/IBqB4YQTZVvrIapzfOA==",
        "dependencies": {
          "NAudio.Core": "2.2.1"
        }
      },
      "NAudio.Core": {
        "type": "Transitive",
        "resolved": "2.2.1",
        "contentHash": "GgkdP6K/7FqXFo7uHvoqGZTJvW4z8g2IffhOO4JHaLzKCdDOUEzVKtveoZkCuUX8eV2HAINqi7VFqlFndrnz/g=="
      },
      "NAudio.Midi": {
        "type": "Transitive",
        "resolved": "2.2.1",
        "contentHash": "6r23ylGo5aeP02WFXsPquz0T0hFJWyh+7t++tz19tc3Kr38NHm+Z9j+FiAv+xkH8tZqXJqus9Q8p6u7bidIgbw==",
        "dependencies": {
          "NAudio.Core": "2.2.1"
        }
      },
      "NAudio.Wasapi": {
        "type": "Transitive",
        "resolved": "2.2.1",
        "contentHash": "lFfXoqacZZe0WqNChJgGYI+XV/n/61LzPHT3C1CJp4khoxeo2sziyX5wzNYWeCMNbsWxFvT3b3iXeY1UYjBhZw==",
        "dependencies": {
          "NAudio.Core": "2.2.1"
        }
      },
      "NAudio.WinForms": {
        "type": "Transitive",
        "resolved": "2.2.1",
        "contentHash": "DlDkewY1myY0A+3NrYRJD+MZhZV0yy1mNF6dckB27IQ9XCs/My5Ip8BZcoSHOsaPSe2GAjvoaDnk6N9w8xTv7w==",
        "dependencies": {
          "NAudio.WinMM": "2.2.1"
        }
      },
      "NAudio.WinMM": {
        "type": "Transitive",
        "resolved": "2.2.1",
        "contentHash": "xFHRFwH4x6aq3IxRbewvO33ugJRvZFEOfO62i7uQJRUNW2cnu6BeBTHUS0JD5KBucZbHZaYqxQG8dwZ47ezQuQ==",
        "dependencies": {
          "NAudio.Core": "2.2.1"
        }
      },
      "Parquet.Net": {
        "type": "Transitive",
        "resolved": "6.1.0",
        "contentHash": "tnDAKvPH1d+rBPzE8y0/yz4lRqrOrdk06mhDRXM9WigS2VnSneb8EaIGPxv+kLsp13NX5Pzpg7NcfFw4EpPPDQ==",
        "dependencies": {
          "CommunityToolkit.HighPerformance": "8.4.2",
          "K4os.Compression.LZ4": "1.3.8",
          "Microsoft.IO.RecyclableMemoryStream": "3.0.1",
          "Snappier": "1.3.1",
          "ZstdSharp.Port": "0.8.8"
        }
      },
      "Snappier": {
        "type": "Transitive",
        "resolved": "1.3.1",
        "contentHash": "DOdDQiO8YZ5rBtVLY+6CmR1yp9WYoJRgEEktPBrR0tEj9QO2djA/zv0O3DX0OZpEAfosbY8pytQ9tQUogwQsEA=="
      },
      "System.Security.Cryptography.ProtectedData": {
        "type": "Transitive",
        "resolved": "10.0.0",
        "contentHash": "qy6C3gQRTrfhFfuiIYU1jNwWfFdJpBVo1BARW7jgMm1zTEm3LRzLLyOLJGaAuKE+nZCGkEP71y4rj9NWjqLGdQ=="
      },
      "Whisper.net": {
        "type": "Transitive",
        "resolved": "1.9.1",
        "contentHash": "82WAKyyMun44cAXE80sP7vIra1oYhbVp2WrnqJm0CISTfMAvint1k/umt0SvsQH+IkDyekZ3BgMdS3Rag9SZ5A==",
        "dependencies": {
          "Microsoft.Extensions.AI.Abstractions": "10.2.0"
        }
      },
      "Whisper.net.Runtime": {
        "type": "Transitive",
        "resolved": "1.9.1",
        "contentHash": "TipPJkry69VwJ3XL38U082QK5Trqte6NgSOoosuyj/C1eRHabmBbLQ3ujjcDryg5pkXT7wXwAKU5+PxGIJyxkQ==",
        "dependencies": {
          "Whisper.net.Runtime.Metal": "1.9.1"
        }
      },
      "Whisper.net.Runtime.Metal": {
        "type": "Transitive",
        "resolved": "1.9.1",
        "contentHash": "Ut5tZyCUwXMVdThoLvdvQ7GyLwjRMreR/p3LuMJvRiXidQ2AXxx2Tv8UOGtMxvL395AC3+IkHdN/kMfd+EPSEw=="
      },
      "xunit.abstractions": {
        "type": "Transitive",
        "resolved": "2.0.3",
        "contentHash": "pot1I4YOxlWjIb5jmwvvQNbTrZ3lJQ+jUGkGjWE3hEFM0l5gOnBWS+H3qsex68s5cO52g+44vpGzhAt+42vwKg=="
      },
      "xunit.analyzers": {
        "type": "Transitive",
        "resolved": "1.18.0",
        "contentHash": "OtFMHN8yqIcYP9wcVIgJrq01AfTxijjAqVDy/WeQVSyrDC1RzBWeQPztL49DN2syXRah8TYnfvk035s7L95EZQ=="
      },
      "xunit.assert": {
        "type": "Transitive",
        "resolved": "2.9.3",
        "contentHash": "/Kq28fCE7MjOV42YLVRAJzRF0WmEqsmflm0cfpMjGtzQ2lR5mYVj1/i0Y8uDAOLczkL3/jArrwehfMD0YogMAA=="
      },
      "xunit.core": {
        "type": "Transitive",
        "resolved": "2.9.3",
        "contentHash": "BiAEvqGvyme19wE0wTKdADH+NloYqikiU0mcnmiNyXaF9HyHmE6sr/3DC5vnBkgsWaE6yPyWszKSPSApWdRVeQ==",
        "dependencies": {
          "xunit.extensibility.core": "[2.9.3]",
          "xunit.extensibility.execution": "[2.9.3]"
        }
      },
      "xunit.extensibility.core": {
        "type": "Transitive",
        "resolved": "2.9.3",
        "contentHash": "kf3si0YTn2a8J8eZNb+zFpwfoyvIrQ7ivNk5ZYA5yuYk1bEtMe4DxJ2CF/qsRgmEnDr7MnW1mxylBaHTZ4qErA==",
        "dependencies": {
          "xunit.abstractions": "2.0.3"
        }
      },
      "xunit.extensibility.execution": {
        "type": "Transitive",
        "resolved": "2.9.3",
        "contentHash": "yMb6vMESlSrE3Wfj7V6cjQ3S4TXdXpRqYeNEI3zsX31uTsGMJjEw6oD5F5u1cHnMptjhEECnmZSsPxB6ChZHDQ==",
        "dependencies": {
          "xunit.extensibility.core": "[2.9.3]"
        }
      },
      "ZstdSharp.Port": {
        "type": "Transitive",
        "resolved": "0.8.8",
        "contentHash": "UIDFkA5DC3en3tOJ3Mof11yBx9kUQLsaeo/oFdvN6Bbkr9E9+VCqfIadHci8cu+I51K2Sl7XYWVl2R/mA75NBQ=="
      },
      "audiotranscriber.audio": {
        "type": "Project",
        "dependencies": {
          "AudioTranscriber.Core": "[1.0.0, )",
          "NAudio": "[2.2.1, )"
        }
      },
      "audiotranscriber.benchmarks": {
        "type": "Project",
        "dependencies": {
          "AudioTranscriber.Audio": "[1.0.0, )",
          "AudioTranscriber.Providers": "[1.0.0, )",
          "Parquet.Net": "[6.1.0, )"
        }
      },
      "audiotranscriber.core": {
        "type": "Project"
      },
      "audiotranscriber.providers": {
        "type": "Project",
        "dependencies": {
          "AudioTranscriber.Core": "[1.0.0, )",
          "Google.Protobuf": "[3.36.1, )",
          "Grpc.Net.Client": "[2.83.0, )",
          "System.Security.Cryptography.ProtectedData": "[10.0.0, )",
          "Whisper.net": "[1.9.1, )",
          "Whisper.net.Runtime": "[1.9.1, )"
        }
      }
    }
  }
}