{
  "version": 1,
  "dependencies": {
    "net10.0-windows7.0": {
      "Microsoft.NET.Test.Sdk": {
        "type": "Direct",
        "requested": "[17.12.0, )",
        "resolved": "17.12.0",
        "contentHash": "kt/PKBZ91rFCWxVIJZSgVLk+YR+4KxTuHf799ho8WNiK5ZQpJNAEZCAWX86vcKrs+DiYjiibpYKdGZP6+/N17w==",
        "dependencies": {
          "Microsoft.CodeCoverage": "17.12.0",
          "Microsoft.TestPlatform.TestHost": "17.12.0"
        }
      },
      "xunit": {
        "type": "Direct",
        "requested": "[2.9.3, )",
        "resolved": "2.9.3",
        "contentHash": "TlXQBinK35LpOPKHAqbLY4xlEen9TBafjs0V5KnA4wZsoQLQJiirCR4CbIXvOH8NzkW4YeJKP5P/Bnrodm0h9Q==",
        "dependencies": {
          "xunit.analyzers": "1.18.0",
          "xunit.assert": "2.9.3",
          "xunit.core": "[2.9.3]"
        }
      },
      "xunit.runner.visualstudio": {
        "type": "Direct",
        "requested": "[2.8.2, )",
        "resolved": "2.8.2",
        "contentHash": "vm1tbfXhFmjFMUmS4M0J0ASXz3/U5XvXBa6DOQUL3fEz4Vt6YPhv+ESCarx6M6D+9kJkJYZKCNvJMas1+nVfmQ=="
      },
      "Microsoft.CodeCoverage": {
        "type": "Transitive",
        "resolved": "17.12.0",
        "contentHash": "4svMznBd5JM21JIG2xZKGNanAHNXplxf/kQDFfLHXQ3OnpJkayRK/TjacFjA+EYmoyuNXHo/sOETEfcYtAzIrA=="
      },
      "Microsoft.TestPlatform.ObjectModel": {
        "type": "Transitive",
        "resolved": "17.12.0",
        "contentHash": "TDqkTKLfQuAaPcEb3pDDWnh7b3SyZF+/W9OZvWFp6eJCIiiYFdSB6taE2I6tWrFw5ywhzOb6sreoGJTI6m3rSQ=="
      },
      "Microsoft.TestPlatform.TestHost": {
        "type": "Transitive",
        "resolved": "17.12.0",
        "contentHash": "MiPEJQNyADfwZ4pJNpQex+t9/jOClBGMiCiVVFuELCMSX2nmNfvUor3uFVxNNCg30uxDP8JDYfPnMXQzsfzYyg==",
        "dependencies": {
          "Microsoft.TestPlatform.ObjectModel": "17.12.0",
          "Newtonsoft.Json": "13.0.1"
        }
      },
      "Newtonsoft.Json": {
        "type": "Transitive",
        "resolved": "13.0.1",
        "contentHash": "ppPFpBcvxdsfUonNcvITKqLl3bqxWbDCZIzDWHzjpdAHRFfZe0Dw9HmA0+za13IdyrgJwpkDTDA9fHaxOrt20A=="
      },
      "org.k2fsa.sherpa.onnx": {
        "type": "Transitive",
        "resolved": "1.13.8",
        "contentHash": "CVBBX154lJ0STD8At5t0LvnSuOiXRwOI/8YeTvEEd+K1xwbtLZTQ4tQESyGEcfdIXTf+ucaGF4LMpHfI4R5yCw==",
        "dependencies": {
          "org.k2fsa.sherpa.onnx.runtime.android-arm64": "1.13.8",
          "org.k2fsa.sherpa.onnx.runtime.android-x64": "1.13.8",
          "org.k2fsa.sherpa.onnx.runtime.linux-arm64": "1.13.8",
          "org.k2fsa.sherpa.onnx.runtime.linux-x64": "1.13.8",
          "org.k2fsa.sherpa.onnx.runtime.osx-arm64": "1.13.8",
          "org.k2fsa.sherpa.onnx.runtime.osx-x64": "1.13.8",
          "org.k2fsa.sherpa.onnx.runtime.win-arm64": "1.13.8",
          "org.k2fsa.sherpa.onnx.runtime.win-x64": "1.13.8",
          "org.k2fsa.sherpa.onnx.runtime.win-x86": "1.13.8"
        }
      },
      "org.k2fsa.sherpa.onnx.runtime.android-arm64": {
        "type": "Transitive",
        "resolved": "1.13.8",
        "contentHash": "0bEXZHGGu3ywaXjx0nwmHoBkPsVDKQjfC6FpqGGpBLnfokMbvPaGXgFShFW73bW8PSOB4gc9cLrVRkgOImy67A=="
      },
      "org.k2fsa.sherpa.onnx.runtime.android-x64": {
        "type": "Transitive",
        "resolved": "1.13.8",
        "contentHash": "BMltFcQOnoIgWRUDb2lNGF2FHuoWoWMP6DKrJgzsdkRXCIdl3jX0lpbj+etBeW+8wdXmKxREGA2hrvO8h42k0g=="
      },
      "org.k2fsa.sherpa.onnx.runtime.linux-arm64": {
        "type": "Transitive",
        "resolved": "1.13.8",
        "contentHash": "Vg6iDY3YDILvapwKrCrByAnBu2OImxuZNsB0Sg1k+Gox3GV2runHidTZtNTHJZUA9zFdjAz9Ab4HzqsaATjrzg=="
      },
      "org.k2fsa.sherpa.onnx.runtime.linux-x64": {
        "type": "Transitive",
        "resolved": "1.13.8",
        "contentHash": "rqWNcekzaZHKX0xwYHePwGMwa9lb/JiuNh6Cc0f+Jnz6r5U45BdAtqUUJNh9F5DO2d2CuabAbBe3IqkngtVR8w=="
      },
      "org.k2fsa.sherpa.onnx.runtime.osx-arm64": {
        "type": "Transitive",
        "resolved": "1.13.8",
        "contentHash": "lhEqIPi/KlleNXrNMxXLpBrT1e3uONY/Nt0v7kswxXzvOwj89484ylpMu4jns7rpVug0Y/MfFP6kCDuV2CZo5Q=="
      },
      "org.k2fsa.sherpa.onnx.runtime.osx-x64": {
        "type": "Transitive",
        "resolved": "1.13.8",
        "contentHash": "jUYwCbi+y7yNHbAFB3u2pyQihsrdk0fl8tC5yPvaqeLqgfUn1wdsrXsS+maJTx/8Phxfx+HHlcii31zlQHSv2w=="
      },
      "org.k2fsa.sherpa.onnx.runtime.win-arm64": {
        "type": "Transitive",
        "resolved": "1.13.8",
        "contentHash": "EQk0M1dpvIOG9uVtYz7kgkmlrdajQcqbzAPCdTHeOOSYy68biXk1/O8pyHeBwTF9J9i2xDiJq+PtyNc7C8Vmbg=="
      },
      "org.k2fsa.sherpa.onnx.runtime.win-x64": {
        "type": "Transitive",
        "resolved": "1.13.8",
        "contentHash": "qQS9IQTRet05fl82IlM93XLNnuhW50lhepOBR2qzbjxWKjSXFTvx8SlALAoCLDGyURrQ5iOgl97JZFEeIG9A9g=="
      },
      "org.k2fsa.sherpa.onnx.runtime.win-x86": {
        "type": "Transitive",
        "resolved": "1.13.8",
        "contentHash": "QbpkOX0LBcYq/AUZTIlrwz7tPunhqVAFT8A9+JnVw6a6TYRFKvSBwxIWUPbNfpyGYPkTFNunpFIJzcLyiek0gg=="
      },
      "SharpZipLib": {
        "type": "Transitive",
        "resolved": "1.4.2",
        "contentHash": "yjj+3zgz8zgXpiiC3ZdF/iyTBbz2fFvMxZFEBPUcwZjIvXOf37Ylm+K58hqMfIBt5JgU/Z2uoUS67JmTLe973A=="
      },
      "xunit.abstractions": {
        "type": "Transitive",
        "resolved": "2.0.3",
        "contentHash": "pot1I4YOxlWjIb5jmwvvQNbTrZ3lJQ+jUGkGjWE3hEFM0l5gOnBWS+H3qsex68s5cO52g+44vpGzhAt+42vwKg=="
      },
      "xunit.analyzers": {
        "type": "Transitive",
        "resolved": "1.18.0",
        "contentHash": "OtFMHN8yqIcYP9wcVIgJrq01AfTxijjAqVDy/WeQVSyrDC1RzBWeQPztL49DN2syXRah8TYnfvk035s7L95EZQ=="
      },
      "xunit.assert": {
        "type": "Transitive",
        "resolved": "2.9.3",
        "contentHash": "/Kq28fCE7MjOV42YLVRAJzRF0WmEqsmflm0cfpMjGtzQ2lR5mYVj1/i0Y8uDAOLczkL3/jArrwehfMD0YogMAA=="
      },
      "xunit.core": {
        "type": "Transitive",
        "resolved": "2.9.3",
        "contentHash": "BiAEvqGvyme19wE0wTKdADH+NloYqikiU0mcnmiNyXaF9HyHmE6sr/3DC5vnBkgsWaE6yPyWszKSPSApWdRVeQ==",
        "dependencies": {
          "xunit.extensibility.core": "[2.9.3]",
          "xunit.extensibility.execution": "[2.9.3]"
        }
      },
      "xunit.extensibility.core": {
        "type": "Transitive",
        "resolved": "2.9.3",
        "contentHash": "kf3si0YTn2a8J8eZNb+zFpwfoyvIrQ7ivNk5ZYA5yuYk1bEtMe4DxJ2CF/qsRgmEnDr7MnW1mxylBaHTZ4qErA==",
        "dependencies": {
          "xunit.abstractions": "2.0.3"
        }
      },
      "xunit.extensibility.execution": {
        "type": "Transitive",
        "resolved": "2.9.3",
        "contentHash": "yMb6vMESlSrE3Wfj7V6cjQ3S4TXdXpRqYeNEI3zsX31uTsGMJjEw6oD5F5u1cHnMptjhEECnmZSsPxB6ChZHDQ==",
        "dependencies": {
          "xunit.extensibility.core": "[2.9.3]"
        }
      },
      "audiotranscriber.core": {
        "type": "Project"
      },
      "audiotranscriber.diarization": {
        "type": "Project",
        "dependencies": {
          "AudioTranscriber.Core": "[1.0.0, )",
          "SharpZipLib": "[1.4.2, )",
          "org.k2fsa.sherpa.onnx": "[1.13.8, )",
          "org.k2fsa.sherpa.onnx.runtime.win-x64": "[1.13.8, )"
        }
      }
    }
  }
}